
Microsoft Visual Studio Solution File, Format Version 12.00
# Visual Studio Version 17
VisualStudioVersion = 17.4.33103.184
MinimumVisualStudioVersion = 10.0.40219.1
Project("{9A19103F-16F7-4668-BE54-9A1E7A4F7556}") = "BlazorApp1", "BlazorApp1.csproj", "{F0E35D15-42BD-4D6F-A059-9082C250584A}"
EndProject
Project("{FAE04EC0-301F-11D3-BF4B-00C04F79EFBC}") = "BlazorTestApp", "..\BlazorTestApp\BlazorTestApp.csproj", "{BECD931C-D151-4ED1-A995-7AF3E1E5CCD8}"
EndProject
Global
	GlobalSection(SolutionConfigurationPlatforms) = preSolution
		Debug|Any CPU = Debug|Any CPU
		Release|Any CPU = Release|Any CPU
	EndGlobalSection
	GlobalSection(ProjectConfigurationPlatforms) = postSolution
		{F0E35D15-42BD-4D6F-A059-9082C250584A}.Debug|Any CPU.ActiveCfg = Debug|Any CPU
		{F0E35D15-42BD-4D6F-A059-9082C250584A}.Debug|Any CPU.Build.0 = Debug|Any CPU
		{F0E35D15-42BD-4D6F-A059-9082C250584A}.Release|Any CPU.ActiveCfg = Release|Any CPU
		{F0E35D15-42BD-4D6F-A059-9082C250584A}.Release|Any CPU.Build.0 = Release|Any CPU
		{BECD931C-D151-4ED1-A995-7AF3E1E5CCD8}.Debug|Any CPU.ActiveCfg = Debug|Any CPU
		{BECD931C-D151-4ED1-A995-7AF3E1E5CCD8}.Debug|Any CPU.Build.0 = Debug|Any CPU
		{BECD931C-D151-4ED1-A995-7AF3E1E5CCD8}.Release|Any CPU.ActiveCfg = Release|Any CPU
		{BECD931C-D151-4ED1-A995-7AF3E1E5CCD8}.Release|Any CPU.Build.0 = Release|Any CPU
	EndGlobalSection
	GlobalSection(SolutionProperties) = preSolution
		HideSolutionNode = FALSE
	EndGlobalSection
	GlobalSection(ExtensibilityGlobals) = postSolution
		SolutionGuid = {9E07C7C8-7D61-423A-BBC0-09772A4E5FE3}
	EndGlobalSection
EndGlobal
